
Microsoft Visual Studio Solution File, Format Version 12.00
# Visual Studio Version 16
VisualStudioVersion = 16.0.31005.135
MinimumVisualStudioVersion = 10.0.40219.1
Project("{FAE04EC0-301F-11D3-BF4B-00C04F79EFBC}") = "client", "client\client.csproj", "{338BE6A2-C471-4774-A407-CB0ED0D16830}"
EndProject
Project("{FAE04EC0-301F-11D3-BF4B-00C04F79EFBC}") = "WindowsService", "WindowsService\WindowsService.csproj", "{CCD70C2B-3681-466E-B293-AADE561E753F}"
EndProject
Project("{FAE04EC0-301F-11D3-BF4B-00C04F79EFBC}") = "ServiceDll", "ServiceDll\ServiceDll.csproj", "{E7655CBF-32AD-4526-B62A-9CEAECD7E1CD}"
EndProject
Project("{FAE04EC0-301F-11D3-BF4B-00C04F79EFBC}") = "ServiceTestConsoleApp", "ServiceTestConsoleApp\ServiceTestConsoleApp.csproj", "{54FF5BC3-0787-4674-B6CF-9CCDEABF6D4D}"
EndProject
Global
	GlobalSection(SolutionConfigurationPlatforms) = preSolution
		Debug|Any CPU = Debug|Any CPU
		Release|Any CPU = Release|Any CPU
	EndGlobalSection
	GlobalSection(ProjectConfigurationPlatforms) = postSolution
		{338BE6A2-C471-4774-A407-CB0ED0D16830}.Debug|Any CPU.ActiveCfg = Debug|Any CPU
		{338BE6A2-C471-4774-A407-CB0ED0D16830}.Debug|Any CPU.Build.0 = Debug|Any CPU
		{338BE6A2-C471-4774-A407-CB0ED0D16830}.Release|Any CPU.ActiveCfg = Release|Any CPU
		{338BE6A2-C471-4774-A407-CB0ED0D16830}.Release|Any CPU.Build.0 = Release|Any CPU
		{CCD70C2B-3681-466E-B293-AADE561E753F}.Debug|Any CPU.ActiveCfg = Debug|Any CPU
		{CCD70C2B-3681-466E-B293-AADE561E753F}.Debug|Any CPU.Build.0 = Debug|Any CPU
		{CCD70C2B-3681-466E-B293-AADE561E753F}.Release|Any CPU.ActiveCfg = Release|Any CPU
		{CCD70C2B-3681-466E-B293-AADE561E753F}.Release|Any CPU.Build.0 = Release|Any CPU
		{E7655CBF-32AD-4526-B62A-9CEAECD7E1CD}.Debug|Any CPU.ActiveCfg = Debug|Any CPU
		{E7655CBF-32AD-4526-B62A-9CEAECD7E1CD}.Debug|Any CPU.Build.0 = Debug|Any CPU
		{E7655CBF-32AD-4526-B62A-9CEAECD7E1CD}.Release|Any CPU.ActiveCfg = Release|Any CPU
		{E7655CBF-32AD-4526-B62A-9CEAECD7E1CD}.Release|Any CPU.Build.0 = Release|Any CPU
		{54FF5BC3-0787-4674-B6CF-9CCDEABF6D4D}.Debug|Any CPU.ActiveCfg = Debug|Any CPU
		{54FF5BC3-0787-4674-B6CF-9CCDEABF6D4D}.Debug|Any CPU.Build.0 = Debug|Any CPU
		{54FF5BC3-0787-4674-B6CF-9CCDEABF6D4D}.Release|Any CPU.ActiveCfg = Release|Any CPU
		{54FF5BC3-0787-4674-B6CF-9CCDEABF6D4D}.Release|Any CPU.Build.0 = Release|Any CPU
	EndGlobalSection
	GlobalSection(SolutionProperties) = preSolution
		HideSolutionNode = FALSE
	EndGlobalSection
	GlobalSection(ExtensibilityGlobals) = postSolution
		SolutionGuid = {E5A0F634-CD77-4AAB-946C-6C00D061081D}
	EndGlobalSection
EndGlobal
